// !$*UTF8*$!
{
	archiveVersion = 1;
	classes = {
	};
	objectVersion = 50;
	objects = {

/* Begin PBXBuildFile section */
		481BE896223FFA9A006042F9 /* download.png in Resources */ = {isa = PBXBuildFile; fileRef = 481BE895223FFA99006042F9 /* download.png */; };
		481BE898223FFC0C006042F9 /* ViewControllerVolunteerFAQ.swift in Sources */ = {isa = PBXBuildFile; fileRef = 481BE897223FFC0C006042F9 /* ViewControllerVolunteerFAQ.swift */; };
		481BE89A223FFC3A006042F9 /* AKRadioButtonsController.swift in Sources */ = {isa = PBXBuildFile; fileRef = 481BE899223FFC3A006042F9 /* AKRadioButtonsController.swift */; };
		481BE89C223FFC53006042F9 /* BKRadioButtonsController.swift in Sources */ = {isa = PBXBuildFile; fileRef = 481BE89B223FFC53006042F9 /* BKRadioButtonsController.swift */; };
		481BE89E223FFC78006042F9 /* ViewControllerDonate.swift in Sources */ = {isa = PBXBuildFile; fileRef = 481BE89D223FFC78006042F9 /* ViewControllerDonate.swift */; };
		481BE8A0223FFC92006042F9 /* ExpandableQuestions.swift in Sources */ = {isa = PBXBuildFile; fileRef = 481BE89F223FFC92006042F9 /* ExpandableQuestions.swift */; };
		53208B62222472C500F58E05 /* AppDelegate.swift in Sources */ = {isa = PBXBuildFile; fileRef = 53208B61222472C500F58E05 /* AppDelegate.swift */; };
		53208B64222472C500F58E05 /* ViewControllerLogin.swift in Sources */ = {isa = PBXBuildFile; fileRef = 53208B63222472C500F58E05 /* ViewControllerLogin.swift */; };
		53208B67222472C500F58E05 /* Main.storyboard in Resources */ = {isa = PBXBuildFile; fileRef = 53208B65222472C500F58E05 /* Main.storyboard */; };
		53208B69222472C700F58E05 /* Assets.xcassets in Resources */ = {isa = PBXBuildFile; fileRef = 53208B68222472C700F58E05 /* Assets.xcassets */; };
		53208B6C222472C700F58E05 /* LaunchScreen.storyboard in Resources */ = {isa = PBXBuildFile; fileRef = 53208B6A222472C700F58E05 /* LaunchScreen.storyboard */; };
		53208B7622247B6500F58E05 /* ViewControllerDonate.swift in Sources */ = {isa = PBXBuildFile; fileRef = 53208B7522247B6500F58E05 /* ViewControllerDonate.swift */; };
		53208B7822247B9900F58E05 /* ViewControllerProfile.swift in Sources */ = {isa = PBXBuildFile; fileRef = 53208B7722247B9900F58E05 /* ViewControllerProfile.swift */; };
		53208B7A22247BB600F58E05 /* ViewControllerAboutUs.swift in Sources */ = {isa = PBXBuildFile; fileRef = 53208B7922247BB600F58E05 /* ViewControllerAboutUs.swift */; };
/* End PBXBuildFile section */

/* Begin PBXFileReference section */
		481BE895223FFA99006042F9 /* download.png */ = {isa = PBXFileReference; lastKnownFileType = image.png; name = download.png; path = "../../../../../Desktop/Caties-Closet-iOS/Caties-Closet-iOS/download.png"; sourceTree = "<group>"; };
		481BE897223FFC0C006042F9 /* ViewControllerVolunteerFAQ.swift */ = {isa = PBXFileReference; lastKnownFileType = sourcecode.swift; path = ViewControllerVolunteerFAQ.swift; sourceTree = "<group>"; };
		481BE899223FFC3A006042F9 /* AKRadioButtonsController.swift */ = {isa = PBXFileReference; lastKnownFileType = sourcecode.swift; path = AKRadioButtonsController.swift; sourceTree = "<group>"; };
		481BE89B223FFC53006042F9 /* BKRadioButtonsController.swift */ = {isa = PBXFileReference; lastKnownFileType = sourcecode.swift; path = BKRadioButtonsController.swift; sourceTree = "<group>"; };
		481BE89D223FFC78006042F9 /* ViewControllerDonate.swift */ = {isa = PBXFileReference; lastKnownFileType = sourcecode.swift; path = ViewControllerDonate.swift; sourceTree = "<group>"; };
		481BE89F223FFC92006042F9 /* ExpandableQuestions.swift */ = {isa = PBXFileReference; lastKnownFileType = sourcecode.swift; path = ExpandableQuestions.swift; sourceTree = "<group>"; };
		53208B5E222472C500F58E05 /* Caties-Closet-iOS.app */ = {isa = PBXFileReference; explicitFileType = wrapper.application; includeInIndex = 0; path = "Caties-Closet-iOS.app"; sourceTree = BUILT_PRODUCTS_DIR; };
		53208B61222472C500F58E05 /* AppDelegate.swift */ = {isa = PBXFileReference; lastKnownFileType = sourcecode.swift; path = AppDelegate.swift; sourceTree = "<group>"; };
		53208B63222472C500F58E05 /* ViewControllerLogin.swift */ = {isa = PBXFileReference; lastKnownFileType = sourcecode.swift; path = ViewControllerLogin.swift; sourceTree = "<group>"; };
		53208B66222472C500F58E05 /* Base */ = {isa = PBXFileReference; lastKnownFileType = file.storyboard; name = Base; path = Base.lproj/Main.storyboard; sourceTree = "<group>"; };
		53208B68222472C700F58E05 /* Assets.xcassets */ = {isa = PBXFileReference; lastKnownFileType = folder.assetcatalog; path = Assets.xcassets; sourceTree = "<group>"; };
		53208B6B222472C700F58E05 /* Base */ = {isa = PBXFileReference; lastKnownFileType = file.storyboard; name = Base; path = Base.lproj/LaunchScreen.storyboard; sourceTree = "<group>"; };
		53208B6D222472C700F58E05 /* Info.plist */ = {isa = PBXFileReference; lastKnownFileType = text.plist.xml; path = Info.plist; sourceTree = "<group>"; };
		53208B7522247B6500F58E05 /* ViewControllerDonate.swift */ = {isa = PBXFileReference; lastKnownFileType = sourcecode.swift; path = ViewControllerDonate.swift; sourceTree = "<group>"; };
		53208B7722247B9900F58E05 /* ViewControllerProfile.swift */ = {isa = PBXFileReference; lastKnownFileType = sourcecode.swift; path = ViewControllerProfile.swift; sourceTree = "<group>"; };
		53208B7922247BB600F58E05 /* ViewControllerAboutUs.swift */ = {isa = PBXFileReference; lastKnownFileType = sourcecode.swift; path = ViewControllerAboutUs.swift; sourceTree = "<group>"; };
/* End PBXFileReference section */

/* Begin PBXFrameworksBuildPhase section */
		53208B5B222472C500F58E05 /* Frameworks */ = {
			isa = PBXFrameworksBuildPhase;
			buildActionMask = 2147483647;
			files = (
			);
			runOnlyForDeploymentPostprocessing = 0;
		};
/* End PBXFrameworksBuildPhase section */

/* Begin PBXGroup section */
		0D89F3FB22316CCD0094A054 /* Authentication */ = {
			isa = PBXGroup;
			children = (
			);
			path = Authentication;
			sourceTree = "<group>";
		};
		0D89F3FC22316CD70094A054 /* Profile */ = {
			isa = PBXGroup;
			children = (
				53208B7722247B9900F58E05 /* ViewControllerProfile.swift */,
				0D89F4032231FA030094A054 /* ImageCollectionViewCell.swift */,
			);
			path = Profile;
			sourceTree = "<group>";
		};
		0D89F3FD22316CE50094A054 /* AboutUs */ = {
			isa = PBXGroup;
			children = (
				53208B7922247BB600F58E05 /* ViewControllerAboutUs.swift */,
			);
			path = AboutUs;
			sourceTree = "<group>";
		};
		0D89F3FE22316CF30094A054 /* Donate */ = {
			isa = PBXGroup;
			children = (
				53208B7522247B6500F58E05 /* ViewControllerDonate.swift */,
			);
			path = Donate;
			sourceTree = "<group>";
		};
		53208B55222472C500F58E05 = {
			isa = PBXGroup;
			children = (
				53208B60222472C500F58E05 /* Caties-Closet-iOS */,
				53208B5F222472C500F58E05 /* Products */,
			);
			sourceTree = "<group>";
		};
		53208B5F222472C500F58E05 /* Products */ = {
			isa = PBXGroup;
			children = (
				53208B5E222472C500F58E05 /* Caties-Closet-iOS.app */,
			);
			name = Products;
			sourceTree = "<group>";
		};
		53208B60222472C500F58E05 /* Caties-Closet-iOS */ = {
			isa = PBXGroup;
			children = (
				0D89F3FE22316CF30094A054 /* Donate */,
				0D89F3FD22316CE50094A054 /* AboutUs */,
				0D89F3FC22316CD70094A054 /* Profile */,
				0D89F3FB22316CCD0094A054 /* Authentication */,
				53208B61222472C500F58E05 /* AppDelegate.swift */,
				53208B63222472C500F58E05 /* ViewControllerLogin.swift */,
				53208B65222472C500F58E05 /* Main.storyboard */,
				48B38756222D9D2400177BE2 /* download.png */,
				53208B68222472C700F58E05 /* Assets.xcassets */,
				53208B6A222472C700F58E05 /* LaunchScreen.storyboard */,
				53208B6D222472C700F58E05 /* Info.plist */,
				53208B7522247B6500F58E05 /* ViewControllerHome.swift */,
				53208B7722247B9900F58E05 /* ViewControllerProfile.swift */,
				53208B7922247BB600F58E05 /* ViewControllerAboutUs.swift */,
				481BE897223FFC0C006042F9 /* ViewControllerVolunteerFAQ.swift */,
				481BE899223FFC3A006042F9 /* AKRadioButtonsController.swift */,
				481BE89B223FFC53006042F9 /* BKRadioButtonsController.swift */,
				481BE89D223FFC78006042F9 /* ViewControllerDonate.swift */,
				481BE89F223FFC92006042F9 /* ExpandableQuestions.swift */,
				481BE895223FFA99006042F9 /* download.png */,
			);
			path = "Caties-Closet-iOS";
			sourceTree = "<group>";
		};
/* End PBXGroup section */

/* Begin PBXNativeTarget section */
		53208B5D222472C500F58E05 /* Caties-Closet-iOS */ = {
			isa = PBXNativeTarget;
			buildConfigurationList = 53208B70222472C700F58E05 /* Build configuration list for PBXNativeTarget "Caties-Closet-iOS" */;
			buildPhases = (
				53208B5A222472C500F58E05 /* Sources */,
				53208B5B222472C500F58E05 /* Frameworks */,
				53208B5C222472C500F58E05 /* Resources */,
			);
			buildRules = (
			);
			dependencies = (
			);
			name = "Caties-Closet-iOS";
			productName = "Caties-Closet-iOS";
			productReference = 53208B5E222472C500F58E05 /* Caties-Closet-iOS.app */;
			productType = "com.apple.product-type.application";
		};
/* End PBXNativeTarget section */

/* Begin PBXProject section */
		53208B56222472C500F58E05 /* Project object */ = {
			isa = PBXProject;
			attributes = {
				LastSwiftUpdateCheck = 1010;
				LastUpgradeCheck = 1010;
				ORGANIZATIONNAME = Hack4ImpactBostonUniversity;
				TargetAttributes = {
					53208B5D222472C500F58E05 = {
						CreatedOnToolsVersion = 10.1;
					};
				};
			};
			buildConfigurationList = 53208B59222472C500F58E05 /* Build configuration list for PBXProject "Caties-Closet-iOS" */;
			compatibilityVersion = "Xcode 9.3";
			developmentRegion = en;
			hasScannedForEncodings = 0;
			knownRegions = (
				en,
				Base,
			);
			mainGroup = 53208B55222472C500F58E05;
			productRefGroup = 53208B5F222472C500F58E05 /* Products */;
			projectDirPath = "";
			projectRoot = "";
			targets = (
				53208B5D222472C500F58E05 /* Caties-Closet-iOS */,
			);
		};
/* End PBXProject section */

/* Begin PBXResourcesBuildPhase section */
		53208B5C222472C500F58E05 /* Resources */ = {
			isa = PBXResourcesBuildPhase;
			buildActionMask = 2147483647;
			files = (
				53208B6C222472C700F58E05 /* LaunchScreen.storyboard in Resources */,
				53208B69222472C700F58E05 /* Assets.xcassets in Resources */,
				53208B67222472C500F58E05 /* Main.storyboard in Resources */,
				481BE896223FFA9A006042F9 /* download.png in Resources */,
			);
			runOnlyForDeploymentPostprocessing = 0;
		};
/* End PBXResourcesBuildPhase section */

/* Begin PBXSourcesBuildPhase section */
		53208B5A222472C500F58E05 /* Sources */ = {
			isa = PBXSourcesBuildPhase;
			buildActionMask = 2147483647;
			files = (
				0D89F4042231FA030094A054 /* ImageCollectionViewCell.swift in Sources */,
				53208B64222472C500F58E05 /* ViewControllerLogin.swift in Sources */,
				481BE8A0223FFC92006042F9 /* ExpandableQuestions.swift in Sources */,
				53208B7A22247BB600F58E05 /* ViewControllerAboutUs.swift in Sources */,
				481BE89E223FFC78006042F9 /* ViewControllerDonate.swift in Sources */,
				481BE898223FFC0C006042F9 /* ViewControllerVolunteerFAQ.swift in Sources */,
				53208B7622247B6500F58E05 /* ViewControllerHome.swift in Sources */,
				53208B7822247B9900F58E05 /* ViewControllerProfile.swift in Sources */,
				53208B62222472C500F58E05 /* AppDelegate.swift in Sources */,
			);
			runOnlyForDeploymentPostprocessing = 0;
		};
/* End PBXSourcesBuildPhase section */

/* Begin PBXVariantGroup section */
		53208B65222472C500F58E05 /* Main.storyboard */ = {
			isa = PBXVariantGroup;
			children = (
				53208B66222472C500F58E05 /* Base */,
			);
			name = Main.storyboard;
			sourceTree = "<group>";
		};
		53208B6A222472C700F58E05 /* LaunchScreen.storyboard */ = {
			isa = PBXVariantGroup;
			children = (
				53208B6B222472C700F58E05 /* Base */,
			);
			name = LaunchScreen.storyboard;
			sourceTree = "<group>";
		};
/* End PBXVariantGroup section */

/* Begin XCBuildConfiguration section */
		53208B6E222472C700F58E05 /* Debug */ = {
			isa = XCBuildConfiguration;
			buildSettings = {
				ALWAYS_SEARCH_USER_PATHS = NO;
				CLANG_ANALYZER_NONNULL = YES;
				CLANG_ANALYZER_NUMBER_OBJECT_CONVERSION = YES_AGGRESSIVE;
				CLANG_CXX_LANGUAGE_STANDARD = "gnu++14";
				CLANG_CXX_LIBRARY = "libc++";
				CLANG_ENABLE_MODULES = YES;
				CLANG_ENABLE_OBJC_ARC = YES;
				CLANG_ENABLE_OBJC_WEAK = YES;
				CLANG_WARN_BLOCK_CAPTURE_AUTORELEASING = YES;
				CLANG_WARN_BOOL_CONVERSION = YES;
				CLANG_WARN_COMMA = YES;
				CLANG_WARN_CONSTANT_CONVERSION = YES;
				CLANG_WARN_DEPRECATED_OBJC_IMPLEMENTATIONS = YES;
				CLANG_WARN_DIRECT_OBJC_ISA_USAGE = YES_ERROR;
				CLANG_WARN_DOCUMENTATION_COMMENTS = YES;
				CLANG_WARN_EMPTY_BODY = YES;
				CLANG_WARN_ENUM_CONVERSION = YES;
				CLANG_WARN_INFINITE_RECURSION = YES;
				CLANG_WARN_INT_CONVERSION = YES;
				CLANG_WARN_NON_LITERAL_NULL_CONVERSION = YES;
				CLANG_WARN_OBJC_IMPLICIT_RETAIN_SELF = YES;
				CLANG_WARN_OBJC_LITERAL_CONVERSION = YES;
				CLANG_WARN_OBJC_ROOT_CLASS = YES_ERROR;
				CLANG_WARN_RANGE_LOOP_ANALYSIS = YES;
				CLANG_WARN_STRICT_PROTOTYPES = YES;
				CLANG_WARN_SUSPICIOUS_MOVE = YES;
				CLANG_WARN_UNGUARDED_AVAILABILITY = YES_AGGRESSIVE;
				CLANG_WARN_UNREACHABLE_CODE = YES;
				CLANG_WARN__DUPLICATE_METHOD_MATCH = YES;
				CODE_SIGN_IDENTITY = "iPhone Developer";
				COPY_PHASE_STRIP = NO;
				DEBUG_INFORMATION_FORMAT = dwarf;
				ENABLE_STRICT_OBJC_MSGSEND = YES;
				ENABLE_TESTABILITY = YES;
				GCC_C_LANGUAGE_STANDARD = gnu11;
				GCC_DYNAMIC_NO_PIC = NO;
				GCC_NO_COMMON_BLOCKS = YES;
				GCC_OPTIMIZATION_LEVEL = 0;
				GCC_PREPROCESSOR_DEFINITIONS = (
					"DEBUG=1",
					"$(inherited)",
				);
				GCC_WARN_64_TO_32_BIT_CONVERSION = YES;
				GCC_WARN_ABOUT_RETURN_TYPE = YES_ERROR;
				GCC_WARN_UNDECLARED_SELECTOR = YES;
				GCC_WARN_UNINITIALIZED_AUTOS = YES_AGGRESSIVE;
				GCC_WARN_UNUSED_FUNCTION = YES;
				GCC_WARN_UNUSED_VARIABLE = YES;
				IPHONEOS_DEPLOYMENT_TARGET = 11.4;
				MTL_ENABLE_DEBUG_INFO = INCLUDE_SOURCE;
				MTL_FAST_MATH = YES;
				ONLY_ACTIVE_ARCH = YES;
				SDKROOT = iphoneos;
				SWIFT_ACTIVE_COMPILATION_CONDITIONS = DEBUG;
				SWIFT_OPTIMIZATION_LEVEL = "-Onone";
			};
			name = Debug;
		};
		53208B6F222472C700F58E05 /* Release */ = {
			isa = XCBuildConfiguration;
			buildSettings = {
				ALWAYS_SEARCH_USER_PATHS = NO;
				CLANG_ANALYZER_NONNULL = YES;
				CLANG_ANALYZER_NUMBER_OBJECT_CONVERSION = YES_AGGRESSIVE;
				CLANG_CXX_LANGUAGE_STANDARD = "gnu++14";
				CLANG_CXX_LIBRARY = "libc++";
				CLANG_ENABLE_MODULES = YES;
				CLANG_ENABLE_OBJC_ARC = YES;
				CLANG_ENABLE_OBJC_WEAK = YES;
				CLANG_WARN_BLOCK_CAPTURE_AUTORELEASING = YES;
				CLANG_WARN_BOOL_CONVERSION = YES;
				CLANG_WARN_COMMA = YES;
				CLANG_WARN_CONSTANT_CONVERSION = YES;
				CLANG_WARN_DEPRECATED_OBJC_IMPLEMENTATIONS = YES;
				CLANG_WARN_DIRECT_OBJC_ISA_USAGE = YES_ERROR;
				CLANG_WARN_DOCUMENTATION_COMMENTS = YES;
				CLANG_WARN_EMPTY_BODY = YES;
				CLANG_WARN_ENUM_CONVERSION = YES;
				CLANG_WARN_INFINITE_RECURSION = YES;
				CLANG_WARN_INT_CONVERSION = YES;
				CLANG_WARN_NON_LITERAL_NULL_CONVERSION = YES;
				CLANG_WARN_OBJC_IMPLICIT_RETAIN_SELF = YES;
				CLANG_WARN_OBJC_LITERAL_CONVERSION = YES;
				CLANG_WARN_OBJC_ROOT_CLASS = YES_ERROR;
				CLANG_WARN_RANGE_LOOP_ANALYSIS = YES;
				CLANG_WARN_STRICT_PROTOTYPES = YES;
				CLANG_WARN_SUSPICIOUS_MOVE = YES;
				CLANG_WARN_UNGUARDED_AVAILABILITY = YES_AGGRESSIVE;
				CLANG_WARN_UNREACHABLE_CODE = YES;
				CLANG_WARN__DUPLICATE_METHOD_MATCH = YES;
				CODE_SIGN_IDENTITY = "iPhone Developer";
				COPY_PHASE_STRIP = NO;
				DEBUG_INFORMATION_FORMAT = "dwarf-with-dsym";
				ENABLE_NS_ASSERTIONS = NO;
				ENABLE_STRICT_OBJC_MSGSEND = YES;
				GCC_C_LANGUAGE_STANDARD = gnu11;
				GCC_NO_COMMON_BLOCKS = YES;
				GCC_WARN_64_TO_32_BIT_CONVERSION = YES;
				GCC_WARN_ABOUT_RETURN_TYPE = YES_ERROR;
				GCC_WARN_UNDECLARED_SELECTOR = YES;
				GCC_WARN_UNINITIALIZED_AUTOS = YES_AGGRESSIVE;
				GCC_WARN_UNUSED_FUNCTION = YES;
				GCC_WARN_UNUSED_VARIABLE = YES;
				IPHONEOS_DEPLOYMENT_TARGET = 11.4;
				MTL_ENABLE_DEBUG_INFO = NO;
				MTL_FAST_MATH = YES;
				SDKROOT = iphoneos;
				SWIFT_COMPILATION_MODE = wholemodule;
				SWIFT_OPTIMIZATION_LEVEL = "-O";
				VALIDATE_PRODUCT = YES;
			};
			name = Release;
		};
		53208B71222472C700F58E05 /* Debug */ = {
			isa = XCBuildConfiguration;
			buildSettings = {
				ASSETCATALOG_COMPILER_APPICON_NAME = AppIcon;
				CODE_SIGN_STYLE = Automatic;
				DEVELOPMENT_TEAM = 3SZP5LN9Y3;
				INFOPLIST_FILE = "Caties-Closet-iOS/Info.plist";
				IPHONEOS_DEPLOYMENT_TARGET = 11.4;
				LD_RUNPATH_SEARCH_PATHS = (
					"$(inherited)",
					"@executable_path/Frameworks",
				);
				PRODUCT_BUNDLE_IDENTIFIER = "com.product.Caties-Closet-iOS";
				PRODUCT_NAME = "$(TARGET_NAME)";
				SWIFT_VERSION = 4.2;
				TARGETED_DEVICE_FAMILY = 1;
			};
			name = Debug;
		};
		53208B72222472C700F58E05 /* Release */ = {
			isa = XCBuildConfiguration;
			buildSettings = {
				ASSETCATALOG_COMPILER_APPICON_NAME = AppIcon;
				CODE_SIGN_STYLE = Automatic;
				DEVELOPMENT_TEAM = 3SZP5LN9Y3;
				INFOPLIST_FILE = "Caties-Closet-iOS/Info.plist";
				IPHONEOS_DEPLOYMENT_TARGET = 11.4;
				LD_RUNPATH_SEARCH_PATHS = (
					"$(inherited)",
					"@executable_path/Frameworks",
				);
				PRODUCT_BUNDLE_IDENTIFIER = "com.product.Caties-Closet-iOS";
				PRODUCT_NAME = "$(TARGET_NAME)";
				SWIFT_VERSION = 4.2;
				TARGETED_DEVICE_FAMILY = 1;
			};
			name = Release;
		};
/* End XCBuildConfiguration section */

/* Begin XCConfigurationList section */
		53208B59222472C500F58E05 /* Build configuration list for PBXProject "Caties-Closet-iOS" */ = {
			isa = XCConfigurationList;
			buildConfigurations = (
				53208B6E222472C700F58E05 /* Debug */,
				53208B6F222472C700F58E05 /* Release */,
			);
			defaultConfigurationIsVisible = 0;
			defaultConfigurationName = Release;
		};
		53208B70222472C700F58E05 /* Build configuration list for PBXNativeTarget "Caties-Closet-iOS" */ = {
			isa = XCConfigurationList;
			buildConfigurations = (
				53208B71222472C700F58E05 /* Debug */,
				53208B72222472C700F58E05 /* Release */,
			);
			defaultConfigurationIsVisible = 0;
			defaultConfigurationName = Release;
		};
/* End XCConfigurationList section */
	};
	rootObject = 53208B56222472C500F58E05 /* Project object */;
}
